
Microsoft Visual Studio Solution File, Format Version 12.00
# Visual Studio Version 17
VisualStudioVersion = 17.14.36811.4 d17.14
MinimumVisualStudioVersion = 10.0.40219.1
Project("{FAE04EC0-301F-11D3-BF4B-00C04F79EFBC}") = "ExpenseManagement.Api", "ExpenseManagement.Api\ExpenseManagement.Api.csproj", "{3039F6C8-F48F-46CF-AB0C-0BD37544974C}"
EndProject
Project("{FAE04EC0-301F-11D3-BF4B-00C04F79EFBC}") = "ExpenseManagement.Application", "ExpenseManagement.Application\ExpenseManagement.Application.csproj", "{50E8A7FD-3E79-4657-A5FB-48B5ADD3BC20}"
EndProject
Project("{FAE04EC0-301F-11D3-BF4B-00C04F79EFBC}") = "ExpenseManagement.Domain", "ExpenseManagement.Domain\ExpenseManagement.Domain.csproj", "{A8C33470-E6BF-4104-9D20-AA8A6FD1438D}"
EndProject
Project("{FAE04EC0-301F-11D3-BF4B-00C04F79EFBC}") = "ExpenseManagement.Infrastructure", "ExpenseManagement.Infrastructure\ExpenseManagement.Infrastructure.csproj", "{6C7F6EE6-0308-4C30-B8F2-A4A94C6AD4FF}"
EndProject
Global
	GlobalSection(SolutionConfigurationPlatforms) = preSolution
		Debug|Any CPU = Debug|Any CPU
		Release|Any CPU = Release|Any CPU
	EndGlobalSection
	GlobalSection(ProjectConfigurationPlatforms) = postSolution
		{3039F6C8-F48F-46CF-AB0C-0BD37544974C}.Debug|Any CPU.ActiveCfg = Debug|Any CPU
		{3039F6C8-F48F-46CF-AB0C-0BD37544974C}.Debug|Any CPU.Build.0 = Debug|Any CPU
		{3039F6C8-F48F-46CF-AB0C-0BD37544974C}.Release|Any CPU.ActiveCfg = Release|Any CPU
		{3039F6C8-F48F-46CF-AB0C-0BD37544974C}.Release|Any CPU.Build.0 = Release|Any CPU
		{50E8A7FD-3E79-4657-A5FB-48B5ADD3BC20}.Debug|Any CPU.ActiveCfg = Debug|Any CPU
		{50E8A7FD-3E79-4657-A5FB-48B5ADD3BC20}.Debug|Any CPU.Build.0 = Debug|Any CPU
		{50E8A7FD-3E79-4657-A5FB-48B5ADD3BC20}.Release|Any CPU.ActiveCfg = Release|Any CPU
		{50E8A7FD-3E79-4657-A5FB-48B5ADD3BC20}.Release|Any CPU.Build.0 = Release|Any CPU
		{A8C33470-E6BF-4104-9D20-AA8A6FD1438D}.Debug|Any CPU.ActiveCfg = Debug|Any CPU
		{A8C33470-E6BF-4104-9D20-AA8A6FD1438D}.Debug|Any CPU.Build.0 = Debug|Any CPU
		{A8C33470-E6BF-4104-9D20-AA8A6FD1438D}.Release|Any CPU.ActiveCfg = Release|Any CPU
		{A8C33470-E6BF-4104-9D20-AA8A6FD1438D}.Release|Any CPU.Build.0 = Release|Any CPU
		{6C7F6EE6-0308-4C30-B8F2-A4A94C6AD4FF}.Debug|Any CPU.ActiveCfg = Debug|Any CPU
		{6C7F6EE6-0308-4C30-B8F2-A4A94C6AD4FF}.Debug|Any CPU.Build.0 = Debug|Any CPU
		{6C7F6EE6-0308-4C30-B8F2-A4A94C6AD4FF}.Release|Any CPU.ActiveCfg = Release|Any CPU
		{6C7F6EE6-0308-4C30-B8F2-A4A94C6AD4FF}.Release|Any CPU.Build.0 = Release|Any CPU
	EndGlobalSection
	GlobalSection(SolutionProperties) = preSolution
		HideSolutionNode = FALSE
	EndGlobalSection
	GlobalSection(ExtensibilityGlobals) = postSolution
		SolutionGuid = {2479696C-33F6-4AF8-9138-B71FB767520D}
	EndGlobalSection
EndGlobal
